
Microsoft Visual Studio Solution File, Format Version 10.00
# Visual Studio 2008
Project("{FAE04EC0-301F-11D3-BF4B-00C04F79EFBC}") = "MapinfoWrapper", "MapinfoWrapper.csproj", "{FDA41A1F-5922-493C-AD86-DDF8D447023E}"
EndProject
Project("{FAE04EC0-301F-11D3-BF4B-00C04F79EFBC}") = "MapinfoWrapper.Tests", "..\tests\MapinfoWrapper.Tests.csproj", "{AD417C06-1A89-46A5-8339-2CA728B08DA3}"
EndProject
Project("{FAE04EC0-301F-11D3-BF4B-00C04F79EFBC}") = "ConsoleApplication1", "..\ConsoleApplication1\ConsoleApplication1.csproj", "{29A4381A-A80E-414A-8C93-A9CAFEB032C5}"
EndProject
Global
	GlobalSection(SolutionConfigurationPlatforms) = preSolution
		Debug|Any CPU = Debug|Any CPU
		Release|Any CPU = Release|Any CPU
	EndGlobalSection
	GlobalSection(ProjectConfigurationPlatforms) = postSolution
		{FDA41A1F-5922-493C-AD86-DDF8D447023E}.Debug|Any CPU.ActiveCfg = Debug|Any CPU
		{FDA41A1F-5922-493C-AD86-DDF8D447023E}.Debug|Any CPU.Build.0 = Debug|Any CPU
		{FDA41A1F-5922-493C-AD86-DDF8D447023E}.Release|Any CPU.ActiveCfg = Release|Any CPU
		{FDA41A1F-5922-493C-AD86-DDF8D447023E}.Release|Any CPU.Build.0 = Release|Any CPU
		{AD417C06-1A89-46A5-8339-2CA728B08DA3}.Debug|Any CPU.ActiveCfg = Debug|Any CPU
		{AD417C06-1A89-46A5-8339-2CA728B08DA3}.Debug|Any CPU.Build.0 = Debug|Any CPU
		{AD417C06-1A89-46A5-8339-2CA728B08DA3}.Release|Any CPU.ActiveCfg = Release|Any CPU
		{AD417C06-1A89-46A5-8339-2CA728B08DA3}.Release|Any CPU.Build.0 = Release|Any CPU
		{29A4381A-A80E-414A-8C93-A9CAFEB032C5}.Debug|Any CPU.ActiveCfg = Debug|Any CPU
		{29A4381A-A80E-414A-8C93-A9CAFEB032C5}.Debug|Any CPU.Build.0 = Debug|Any CPU
		{29A4381A-A80E-414A-8C93-A9CAFEB032C5}.Release|Any CPU.ActiveCfg = Release|Any CPU
		{29A4381A-A80E-414A-8C93-A9CAFEB032C5}.Release|Any CPU.Build.0 = Release|Any CPU
	EndGlobalSection
	GlobalSection(SolutionProperties) = preSolution
		HideSolutionNode = FALSE
	EndGlobalSection
EndGlobal
